
Microsoft Visual Studio Solution File, Format Version 12.00
# Visual Studio Version 17
VisualStudioVersion = 17.14.37111.16 d17.14
MinimumVisualStudioVersion = 10.0.40219.1
Project("{FAE04EC0-301F-11D3-BF4B-00C04F79EFBC}") = "ProjektRekrutacjaCore", "ProjektRekrutacjaCore.csproj", "{3269FC4A-4050-4BCC-8078-A3344FDD49CE}"
EndProject
Global
	GlobalSection(SolutionConfigurationPlatforms) = preSolution
		Debug|Any CPU = Debug|Any CPU
		Release|Any CPU = Release|Any CPU
	EndGlobalSection
	GlobalSection(ProjectConfigurationPlatforms) = postSolution
		{3269FC4A-4050-4BCC-8078-A3344FDD49CE}.Debug|Any CPU.ActiveCfg = Debug|Any CPU
		{3269FC4A-4050-4BCC-8078-A3344FDD49CE}.Debug|Any CPU.Build.0 = Debug|Any CPU
		{3269FC4A-4050-4BCC-8078-A3344FDD49CE}.Release|Any CPU.ActiveCfg = Release|Any CPU
		{3269FC4A-4050-4BCC-8078-A3344FDD49CE}.Release|Any CPU.Build.0 = Release|Any CPU
	EndGlobalSection
	GlobalSection(SolutionProperties) = preSolution
		HideSolutionNode = FALSE
	EndGlobalSection
	GlobalSection(ExtensibilityGlobals) = postSolution
		SolutionGuid = {FF5030AB-5C85-4500-9823-306953887E46}
	EndGlobalSection
EndGlobal
